
Microsoft Visual Studio Solution File, Format Version 12.00
# Visual Studio Version 16
VisualStudioVersion = 16.0.29209.62
MinimumVisualStudioVersion = 10.0.40219.1
Project("{9A19103F-16F7-4668-BE54-9A1E7A4F7556}") = "Eshop.WebApi", "Eshop.WebApi\Eshop.WebApi.csproj", "{49BA10E2-4B3B-46E5-AF4A-73CF50A802E1}"
EndProject
Project("{FAE04EC0-301F-11D3-BF4B-00C04F79EFBC}") = "Demo", "Demo\Demo.csproj", "{503C796C-1A63-419D-8324-4E92C7072221}"
EndProject
Global
	GlobalSection(SolutionConfigurationPlatforms) = preSolution
		Debug|Any CPU = Debug|Any CPU
		Release|Any CPU = Release|Any CPU
	EndGlobalSection
	GlobalSection(ProjectConfigurationPlatforms) = postSolution
		{49BA10E2-4B3B-46E5-AF4A-73CF50A802E1}.Debug|Any CPU.ActiveCfg = Debug|Any CPU
		{49BA10E2-4B3B-46E5-AF4A-73CF50A802E1}.Debug|Any CPU.Build.0 = Debug|Any CPU
		{49BA10E2-4B3B-46E5-AF4A-73CF50A802E1}.Release|Any CPU.ActiveCfg = Release|Any CPU
		{49BA10E2-4B3B-46E5-AF4A-73CF50A802E1}.Release|Any CPU.Build.0 = Release|Any CPU
		{503C796C-1A63-419D-8324-4E92C7072221}.Debug|Any CPU.ActiveCfg = Debug|Any CPU
		{503C796C-1A63-419D-8324-4E92C7072221}.Debug|Any CPU.Build.0 = Debug|Any CPU
		{503C796C-1A63-419D-8324-4E92C7072221}.Release|Any CPU.ActiveCfg = Release|Any CPU
		{503C796C-1A63-419D-8324-4E92C7072221}.Release|Any CPU.Build.0 = Release|Any CPU
	EndGlobalSection
	GlobalSection(SolutionProperties) = preSolution
		HideSolutionNode = FALSE
	EndGlobalSection
	GlobalSection(ExtensibilityGlobals) = postSolution
		SolutionGuid = {622F274F-5EE0-4CD3-A919-19D38A5C44EA}
	EndGlobalSection
EndGlobal
